
Microsoft Visual Studio Solution File, Format Version 12.00
# Visual Studio Version 16
VisualStudioVersion = 16.0.30320.27
MinimumVisualStudioVersion = 10.0.40219.1
Project("{FAE04EC0-301F-11D3-BF4B-00C04F79EFBC}") = "EmployeeWageUc1", "EmployeeWageUc1.csproj", "{1E0AD880-251A-4C8B-BC27-CD96C2DD0682}"
EndProject
Global
	GlobalSection(SolutionConfigurationPlatforms) = preSolution
		Debug|Any CPU = Debug|Any CPU
		Release|Any CPU = Release|Any CPU
	EndGlobalSection
	GlobalSection(ProjectConfigurationPlatforms) = postSolution
		{1E0AD880-251A-4C8B-BC27-CD96C2DD0682}.Debug|Any CPU.ActiveCfg = Debug|Any CPU
		{1E0AD880-251A-4C8B-BC27-CD96C2DD0682}.Debug|Any CPU.Build.0 = Debug|Any CPU
		{1E0AD880-251A-4C8B-BC27-CD96C2DD0682}.Release|Any CPU.ActiveCfg = Release|Any CPU
		{1E0AD880-251A-4C8B-BC27-CD96C2DD0682}.Release|Any CPU.Build.0 = Release|Any CPU
	EndGlobalSection
	GlobalSection(SolutionProperties) = preSolution
		HideSolutionNode = FALSE
	EndGlobalSection
	GlobalSection(ExtensibilityGlobals) = postSolution
		SolutionGuid = {FC3307C4-93C8-4A7D-9BC0-59A44BC78FD6}
	EndGlobalSection
EndGlobal
